// !$*UTF8*$!
{
	archiveVersion = 1;
	classes = {
	};
	objectVersion = 56;
	objects = {

/* Begin PBXBuildFile section */
		971396E02C02A8810085ECE8 /* Tabbar.swift in Sources */ = {isa = PBXBuildFile; fileRef = 971396DF2C02A8810085ECE8 /* Tabbar.swift */; };
		971396E22C02AC160085ECE8 /* Home.swift in Sources */ = {isa = PBXBuildFile; fileRef = 971396E12C02AC160085ECE8 /* Home.swift */; };
		971396E42C02C0680085ECE8 /* Add.swift in Sources */ = {isa = PBXBuildFile; fileRef = 971396E32C02C0680085ECE8 /* Add.swift */; };
		9715D7E32C1B5DB900599C3E /* CameraViewModel.swift in Sources */ = {isa = PBXBuildFile; fileRef = 9715D7E22C1B5DB900599C3E /* CameraViewModel.swift */; };
		9715D7E52C1BBCB300599C3E /* Scanner.swift in Sources */ = {isa = PBXBuildFile; fileRef = 9715D7E42C1BBCB300599C3E /* Scanner.swift */; };
		9715D7E72C1BBE0D00599C3E /* DataScannerView.swift in Sources */ = {isa = PBXBuildFile; fileRef = 9715D7E62C1BBE0D00599C3E /* DataScannerView.swift */; };
		9715D7E92C1CF6AD00599C3E /* books.swift in Sources */ = {isa = PBXBuildFile; fileRef = 9715D7E82C1CF6AD00599C3E /* books.swift */; };
		9715D7EC2C1F534100599C3E /* SwiftyJSON in Frameworks */ = {isa = PBXBuildFile; productRef = 9715D7EB2C1F534100599C3E /* SwiftyJSON */; };
		9715D7EF2C1F537400599C3E /* SDWebImageSwiftUI in Frameworks */ = {isa = PBXBuildFile; productRef = 9715D7EE2C1F537400599C3E /* SDWebImageSwiftUI */; };
		97642F932C14F894009DB4FA /* CustomDialog.swift in Sources */ = {isa = PBXBuildFile; fileRef = 97642F922C14F894009DB4FA /* CustomDialog.swift */; };
		97722D3F2C34704500A68F93 /* Settings .swift in Sources */ = {isa = PBXBuildFile; fileRef = 97722D3E2C34704500A68F93 /* Settings .swift */; };
		97722D422C3474ED00A68F93 /* Setting in Frameworks */ = {isa = PBXBuildFile; productRef = 97722D412C3474ED00A68F93 /* Setting */; };
		97722D462C35A7B600A68F93 /* settingsModel.swift in Sources */ = {isa = PBXBuildFile; fileRef = 97722D452C35A7B600A68F93 /* settingsModel.swift */; };
		978366AC2BFAC6D7006A93B0 /* TextbookStoreApp.swift in Sources */ = {isa = PBXBuildFile; fileRef = 978366AB2BFAC6D7006A93B0 /* TextbookStoreApp.swift */; };
		978366AE2BFAC6D7006A93B0 /* ContentView.swift in Sources */ = {isa = PBXBuildFile; fileRef = 978366AD2BFAC6D7006A93B0 /* ContentView.swift */; };
		978366B02BFAC6D7006A93B0 /* Item.swift in Sources */ = {isa = PBXBuildFile; fileRef = 978366AF2BFAC6D7006A93B0 /* Item.swift */; };
		978366B22BFAC6D9006A93B0 /* Assets.xcassets in Resources */ = {isa = PBXBuildFile; fileRef = 978366B12BFAC6D9006A93B0 /* Assets.xcassets */; };
		978366B52BFAC6D9006A93B0 /* Preview Assets.xcassets in Resources */ = {isa = PBXBuildFile; fileRef = 978366B42BFAC6D9006A93B0 /* Preview Assets.xcassets */; };
		97B37E912C0D323C0080318B /* PDFView.swift in Sources */ = {isa = PBXBuildFile; fileRef = 97B37E902C0D323C0080318B /* PDFView.swift */; };
		97B37E942C120E5E0080318B /* Localizable.xcstrings in Resources */ = {isa = PBXBuildFile; fileRef = 97B37E932C120E5E0080318B /* Localizable.xcstrings */; };
		97CBD4CC2C385C3E005C8E2A /* bookmarkItem.swift in Sources */ = {isa = PBXBuildFile; fileRef = 97CBD4CB2C385C3E005C8E2A /* bookmarkItem.swift */; };
		97CBD4D22C3F529E005C8E2A /* ScreenTimeTracker.swift in Sources */ = {isa = PBXBuildFile; fileRef = 97CBD4D12C3F529E005C8E2A /* ScreenTimeTracker.swift */; };
		97F0C6C02C262A03006715DC /* Grad.swift in Sources */ = {isa = PBXBuildFile; fileRef = 97F0C6BF2C262A03006715DC /* Grad.swift */; };
/* End PBXBuildFile section */

/* Begin PBXFileReference section */
		971396DF2C02A8810085ECE8 /* Tabbar.swift */ = {isa = PBXFileReference; lastKnownFileType = sourcecode.swift; path = Tabbar.swift; sourceTree = "<group>"; };
		971396E12C02AC160085ECE8 /* Home.swift */ = {isa = PBXFileReference; lastKnownFileType = sourcecode.swift; path = Home.swift; sourceTree = "<group>"; };
		971396E32C02C0680085ECE8 /* Add.swift */ = {isa = PBXFileReference; lastKnownFileType = sourcecode.swift; name = Add.swift; path = "../New Group/Add.swift"; sourceTree = "<group>"; };
		9715D7E22C1B5DB900599C3E /* CameraViewModel.swift */ = {isa = PBXFileReference; lastKnownFileType = sourcecode.swift; path = CameraViewModel.swift; sourceTree = "<group>"; };
		9715D7E42C1BBCB300599C3E /* Scanner.swift */ = {isa = PBXFileReference; lastKnownFileType = sourcecode.swift; path = Scanner.swift; sourceTree = "<group>"; };
		9715D7E62C1BBE0D00599C3E /* DataScannerView.swift */ = {isa = PBXFileReference; lastKnownFileType = sourcecode.swift; path = DataScannerView.swift; sourceTree = "<group>"; };
		9715D7E82C1CF6AD00599C3E /* books.swift */ = {isa = PBXFileReference; lastKnownFileType = sourcecode.swift; path = books.swift; sourceTree = "<group>"; };
		9715D7F02C1F5B5F00599C3E /* Info.plist */ = {isa = PBXFileReference; lastKnownFileType = text.plist; path = Info.plist; sourceTree = "<group>"; };
		97642F922C14F894009DB4FA /* CustomDialog.swift */ = {isa = PBXFileReference; lastKnownFileType = sourcecode.swift; path = CustomDialog.swift; sourceTree = "<group>"; };
		97722D3E2C34704500A68F93 /* Settings .swift */ = {isa = PBXFileReference; lastKnownFileType = sourcecode.swift; path = "Settings .swift"; sourceTree = "<group>"; };
		97722D452C35A7B600A68F93 /* settingsModel.swift */ = {isa = PBXFileReference; lastKnownFileType = sourcecode.swift; path = settingsModel.swift; sourceTree = "<group>"; };
		978366A82BFAC6D7006A93B0 /* TextbookStore.app */ = {isa = PBXFileReference; explicitFileType = wrapper.application; includeInIndex = 0; path = TextbookStore.app; sourceTree = BUILT_PRODUCTS_DIR; };
		978366AB2BFAC6D7006A93B0 /* TextbookStoreApp.swift */ = {isa = PBXFileReference; lastKnownFileType = sourcecode.swift; path = TextbookStoreApp.swift; sourceTree = "<group>"; };
		978366AD2BFAC6D7006A93B0 /* ContentView.swift */ = {isa = PBXFileReference; lastKnownFileType = sourcecode.swift; path = ContentView.swift; sourceTree = "<group>"; };
		978366AF2BFAC6D7006A93B0 /* Item.swift */ = {isa = PBXFileReference; lastKnownFileType = sourcecode.swift; path = Item.swift; sourceTree = "<group>"; };
		978366B12BFAC6D9006A93B0 /* Assets.xcassets */ = {isa = PBXFileReference; lastKnownFileType = folder.assetcatalog; path = Assets.xcassets; sourceTree = "<group>"; };
		978366B42BFAC6D9006A93B0 /* Preview Assets.xcassets */ = {isa = PBXFileReference; lastKnownFileType = folder.assetcatalog; path = "Preview Assets.xcassets"; sourceTree = "<group>"; };
		97B37E902C0D323C0080318B /* PDFView.swift */ = {isa = PBXFileReference; lastKnownFileType = sourcecode.swift; path = PDFView.swift; sourceTree = "<group>"; };
		97B37E932C120E5E0080318B /* Localizable.xcstrings */ = {isa = PBXFileReference; lastKnownFileType = text.json.xcstrings; path = Localizable.xcstrings; sourceTree = "<group>"; };
		97CBD4CB2C385C3E005C8E2A /* bookmarkItem.swift */ = {isa = PBXFileReference; lastKnownFileType = sourcecode.swift; path = bookmarkItem.swift; sourceTree = "<group>"; };
		97CBD4D12C3F529E005C8E2A /* ScreenTimeTracker.swift */ = {isa = PBXFileReference; lastKnownFileType = sourcecode.swift; path = ScreenTimeTracker.swift; sourceTree = "<group>"; };
		97F0C6BF2C262A03006715DC /* Grad.swift */ = {isa = PBXFileReference; lastKnownFileType = sourcecode.swift; path = Grad.swift; sourceTree = "<group>"; };
/* End PBXFileReference section */

/* Begin PBXFrameworksBuildPhase section */
		978366A52BFAC6D7006A93B0 /* Frameworks */ = {
			isa = PBXFrameworksBuildPhase;
			buildActionMask = 2147483647;
			files = (
				97722D422C3474ED00A68F93 /* Setting in Frameworks */,
				9715D7EF2C1F537400599C3E /* SDWebImageSwiftUI in Frameworks */,
				9715D7EC2C1F534100599C3E /* SwiftyJSON in Frameworks */,
			);
			runOnlyForDeploymentPostprocessing = 0;
		};
/* End PBXFrameworksBuildPhase section */

/* Begin PBXGroup section */
		9715D7E12C1B5BA300599C3E /* Camera */ = {
			isa = PBXGroup;
			children = (
				9715D7E22C1B5DB900599C3E /* CameraViewModel.swift */,
				9715D7E42C1BBCB300599C3E /* Scanner.swift */,
				9715D7E62C1BBE0D00599C3E /* DataScannerView.swift */,
			);
			path = Camera;
			sourceTree = "<group>";
		};
		97642F8E2C13B316009DB4FA /* Views */ = {
			isa = PBXGroup;
			children = (
				971396E32C02C0680085ECE8 /* Add.swift */,
				971396E12C02AC160085ECE8 /* Home.swift */,
				97B37E902C0D323C0080318B /* PDFView.swift */,
				978366AD2BFAC6D7006A93B0 /* ContentView.swift */,
				97722D3E2C34704500A68F93 /* Settings .swift */,
				97722D452C35A7B600A68F93 /* settingsModel.swift */,
			);
			path = Views;
			sourceTree = "<group>";
		};
		97642F8F2C13B334009DB4FA /* Tabbar */ = {
			isa = PBXGroup;
			children = (
				971396DF2C02A8810085ECE8 /* Tabbar.swift */,
			);
			path = Tabbar;
			sourceTree = "<group>";
		};
		97642F902C13B34B009DB4FA /* Books */ = {
			isa = PBXGroup;
			children = (
				97CBD4CA2C385C1A005C8E2A /* Bookmark */,
				978366AF2BFAC6D7006A93B0 /* Item.swift */,
				9715D7E82C1CF6AD00599C3E /* books.swift */,
			);
			path = Books;
			sourceTree = "<group>";
		};
		97642F912C14F874009DB4FA /* Alerts */ = {
			isa = PBXGroup;
			children = (
				97642F922C14F894009DB4FA /* CustomDialog.swift */,
			);
			path = Alerts;
			sourceTree = "<group>";
		};
		9783669F2BFAC6D7006A93B0 = {
			isa = PBXGroup;
			children = (
				97CBD4D02C3F527A005C8E2A /* ScreenTime */,
				97F0C6BE2C2629DF006715DC /* GradTracker */,
				9715D7E12C1B5BA300599C3E /* Camera */,
				97642F912C14F874009DB4FA /* Alerts */,
				97642F902C13B34B009DB4FA /* Books */,
				97642F8F2C13B334009DB4FA /* Tabbar */,
				97642F8E2C13B316009DB4FA /* Views */,
				97B37E922C120E450080318B /* Languages */,
				978366AA2BFAC6D7006A93B0 /* TextbookStore */,
				978366A92BFAC6D7006A93B0 /* Products */,
			);
			sourceTree = "<group>";
		};
		978366A92BFAC6D7006A93B0 /* Products */ = {
			isa = PBXGroup;
			children = (
				978366A82BFAC6D7006A93B0 /* TextbookStore.app */,
			);
			name = Products;
			sourceTree = "<group>";
		};
		978366AA2BFAC6D7006A93B0 /* TextbookStore */ = {
			isa = PBXGroup;
			children = (
				9715D7F02C1F5B5F00599C3E /* Info.plist */,
				978366AB2BFAC6D7006A93B0 /* TextbookStoreApp.swift */,
				978366B12BFAC6D9006A93B0 /* Assets.xcassets */,
				978366B32BFAC6D9006A93B0 /* Preview Content */,
			);
			path = TextbookStore;
			sourceTree = "<group>";
		};
		978366B32BFAC6D9006A93B0 /* Preview Content */ = {
			isa = PBXGroup;
			children = (
				978366B42BFAC6D9006A93B0 /* Preview Assets.xcassets */,
			);
			path = "Preview Content";
			sourceTree = "<group>";
		};
		97B37E922C120E450080318B /* Languages */ = {
			isa = PBXGroup;
			children = (
				97B37E932C120E5E0080318B /* Localizable.xcstrings */,
			);
			path = Languages;
			sourceTree = "<group>";
		};
		97CBD4CA2C385C1A005C8E2A /* Bookmark */ = {
			isa = PBXGroup;
			children = (
				97CBD4CB2C385C3E005C8E2A /* bookmarkItem.swift */,
			);
			path = Bookmark;
			sourceTree = "<group>";
		};
		97CBD4D02C3F527A005C8E2A /* ScreenTime */ = {
			isa = PBXGroup;
			children = (
				97CBD4D12C3F529E005C8E2A /* ScreenTimeTracker.swift */,
			);
			path = ScreenTime;
			sourceTree = "<group>";
		};
		97F0C6BE2C2629DF006715DC /* GradTracker */ = {
			isa = PBXGroup;
			children = (
				97F0C6BF2C262A03006715DC /* Grad.swift */,
			);
			path = GradTracker;
			sourceTree = "<group>";
		};
/* End PBXGroup section */

/* Begin PBXNativeTarget section */
		978366A72BFAC6D7006A93B0 /* TextbookStore */ = {
			isa = PBXNativeTarget;
			buildConfigurationList = 978366B82BFAC6D9006A93B0 /* Build configuration list for PBXNativeTarget "TextbookStore" */;
			buildPhases = (
				978366A42BFAC6D7006A93B0 /* Sources */,
				978366A52BFAC6D7006A93B0 /* Frameworks */,
				978366A62BFAC6D7006A93B0 /* Resources */,
			);
			buildRules = (
			);
			dependencies = (
			);
			name = TextbookStore;
			packageProductDependencies = (
				9715D7EB2C1F534100599C3E /* SwiftyJSON */,
				9715D7EE2C1F537400599C3E /* SDWebImageSwiftUI */,
				97722D412C3474ED00A68F93 /* Setting */,
			);
			productName = TextbookStore;
			productReference = 978366A82BFAC6D7006A93B0 /* TextbookStore.app */;
			productType = "com.apple.product-type.application";
		};
/* End PBXNativeTarget section */

/* Begin PBXProject section */
		978366A02BFAC6D7006A93B0 /* Project object */ = {
			isa = PBXProject;
			attributes = {
				BuildIndependentTargetsInParallel = 1;
				LastSwiftUpdateCheck = 1520;
				LastUpgradeCheck = 1520;
				TargetAttributes = {
					978366A72BFAC6D7006A93B0 = {
						CreatedOnToolsVersion = 15.2;
					};
				};
			};
			buildConfigurationList = 978366A32BFAC6D7006A93B0 /* Build configuration list for PBXProject "TextbookStore" */;
			compatibilityVersion = "Xcode 14.0";
			developmentRegion = en;
			hasScannedForEncodings = 0;
			knownRegions = (
				en,
				Base,
				de,
			);
			mainGroup = 9783669F2BFAC6D7006A93B0;
			packageReferences = (
				9715D7EA2C1F534100599C3E /* XCRemoteSwiftPackageReference "SwiftyJSON" */,
				9715D7ED2C1F537400599C3E /* XCRemoteSwiftPackageReference "SDWebImageSwiftUI" */,
				97722D402C3474ED00A68F93 /* XCRemoteSwiftPackageReference "Setting" */,
			);
			productRefGroup = 978366A92BFAC6D7006A93B0 /* Products */;
			projectDirPath = "";
			projectRoot = "";
			targets = (
				978366A72BFAC6D7006A93B0 /* TextbookStore */,
			);
		};
/* End PBXProject section */

/* Begin PBXResourcesBuildPhase section */
		978366A62BFAC6D7006A93B0 /* Resources */ = {
			isa = PBXResourcesBuildPhase;
			buildActionMask = 2147483647;
			files = (
				978366B52BFAC6D9006A93B0 /* Preview Assets.xcassets in Resources */,
				978366B22BFAC6D9006A93B0 /* Assets.xcassets in Resources */,
				97B37E942C120E5E0080318B /* Localizable.xcstrings in Resources */,
			);
			runOnlyForDeploymentPostprocessing = 0;
		};
/* End PBXResourcesBuildPhase section */

/* Begin PBXSourcesBuildPhase section */
		978366A42BFAC6D7006A93B0 /* Sources */ = {
			isa = PBXSourcesBuildPhase;
			buildActionMask = 2147483647;
			files = (
				97642F932C14F894009DB4FA /* CustomDialog.swift in Sources */,
				978366AE2BFAC6D7006A93B0 /* ContentView.swift in Sources */,
				97CBD4D22C3F529E005C8E2A /* ScreenTimeTracker.swift in Sources */,
				97CBD4CC2C385C3E005C8E2A /* bookmarkItem.swift in Sources */,
				97722D462C35A7B600A68F93 /* settingsModel.swift in Sources */,
				97F0C6C02C262A03006715DC /* Grad.swift in Sources */,
				978366B02BFAC6D7006A93B0 /* Item.swift in Sources */,
				9715D7E72C1BBE0D00599C3E /* DataScannerView.swift in Sources */,
				9715D7E92C1CF6AD00599C3E /* books.swift in Sources */,
				971396E22C02AC160085ECE8 /* Home.swift in Sources */,
				97722D3F2C34704500A68F93 /* Settings .swift in Sources */,
				971396E42C02C0680085ECE8 /* Add.swift in Sources */,
				9715D7E32C1B5DB900599C3E /* CameraViewModel.swift in Sources */,
				971396E02C02A8810085ECE8 /* Tabbar.swift in Sources */,
				97B37E912C0D323C0080318B /* PDFView.swift in Sources */,
				9715D7E52C1BBCB300599C3E /* Scanner.swift in Sources */,
				978366AC2BFAC6D7006A93B0 /* TextbookStoreApp.swift in Sources */,
			);
			runOnlyForDeploymentPostprocessing = 0;
		};
/* End PBXSourcesBuildPhase section */

/* Begin XCBuildConfiguration section */
		978366B62BFAC6D9006A93B0 /* Debug */ = {
			isa = XCBuildConfiguration;
			buildSettings = {
				ALWAYS_SEARCH_USER_PATHS = NO;
				ASSETCATALOG_COMPILER_GENERATE_SWIFT_ASSET_SYMBOL_EXTENSIONS = YES;
				CLANG_ANALYZER_NONNULL = YES;
				CLANG_ANALYZER_NUMBER_OBJECT_CONVERSION = YES_AGGRESSIVE;
				CLANG_CXX_LANGUAGE_STANDARD = "gnu++20";
				CLANG_ENABLE_MODULES = YES;
				CLANG_ENABLE_OBJC_ARC = YES;
				CLANG_ENABLE_OBJC_WEAK = YES;
				CLANG_WARN_BLOCK_CAPTURE_AUTORELEASING = YES;
				CLANG_WARN_BOOL_CONVERSION = YES;
				CLANG_WARN_COMMA = YES;
				CLANG_WARN_CONSTANT_CONVERSION = YES;
				CLANG_WARN_DEPRECATED_OBJC_IMPLEMENTATIONS = YES;
				CLANG_WARN_DIRECT_OBJC_ISA_USAGE = YES_ERROR;
				CLANG_WARN_DOCUMENTATION_COMMENTS = YES;
				CLANG_WARN_EMPTY_BODY = YES;
				CLANG_WARN_ENUM_CONVERSION = YES;
				CLANG_WARN_INFINITE_RECURSION = YES;
				CLANG_WARN_INT_CONVERSION = YES;
				CLANG_WARN_NON_LITERAL_NULL_CONVERSION = YES;
				CLANG_WARN_OBJC_IMPLICIT_RETAIN_SELF = YES;
				CLANG_WARN_OBJC_LITERAL_CONVERSION = YES;
				CLANG_WARN_OBJC_ROOT_CLASS = YES_ERROR;
				CLANG_WARN_QUOTED_INCLUDE_IN_FRAMEWORK_HEADER = YES;
				CLANG_WARN_RANGE_LOOP_ANALYSIS = YES;
				CLANG_WARN_STRICT_PROTOTYPES = YES;
				CLANG_WARN_SUSPICIOUS_MOVE = YES;
				CLANG_WARN_UNGUARDED_AVAILABILITY = YES_AGGRESSIVE;
				CLANG_WARN_UNREACHABLE_CODE = YES;
				CLANG_WARN__DUPLICATE_METHOD_MATCH = YES;
				COPY_PHASE_STRIP = NO;
				DEBUG_INFORMATION_FORMAT = dwarf;
				ENABLE_STRICT_OBJC_MSGSEND = YES;
				ENABLE_TESTABILITY = YES;
				ENABLE_USER_SCRIPT_SANDBOXING = YES;
				GCC_C_LANGUAGE_STANDARD = gnu17;
				GCC_DYNAMIC_NO_PIC = NO;
				GCC_NO_COMMON_BLOCKS = YES;
				GCC_OPTIMIZATION_LEVEL = 0;
				GCC_PREPROCESSOR_DEFINITIONS = (
					"DEBUG=1",
					"$(inherited)",
				);
				GCC_WARN_64_TO_32_BIT_CONVERSION = YES;
				GCC_WARN_ABOUT_RETURN_TYPE = YES_ERROR;
				GCC_WARN_UNDECLARED_SELECTOR = YES;
				GCC_WARN_UNINITIALIZED_AUTOS = YES_AGGRESSIVE;
				GCC_WARN_UNUSED_FUNCTION = YES;
				GCC_WARN_UNUSED_VARIABLE = YES;
				IPHONEOS_DEPLOYMENT_TARGET = 17.2;
				LOCALIZATION_PREFERS_STRING_CATALOGS = YES;
				MTL_ENABLE_DEBUG_INFO = INCLUDE_SOURCE;
				MTL_FAST_MATH = YES;
				ONLY_ACTIVE_ARCH = YES;
				SDKROOT = iphoneos;
				SWIFT_ACTIVE_COMPILATION_CONDITIONS = "DEBUG $(inherited)";
				SWIFT_OPTIMIZATION_LEVEL = "-Onone";
			};
			name = Debug;
		};
		978366B72BFAC6D9006A93B0 /* Release */ = {
			isa = XCBuildConfiguration;
			buildSettings = {
				ALWAYS_SEARCH_USER_PATHS = NO;
				ASSETCATALOG_COMPILER_GENERATE_SWIFT_ASSET_SYMBOL_EXTENSIONS = YES;
				CLANG_ANALYZER_NONNULL = YES;
				CLANG_ANALYZER_NUMBER_OBJECT_CONVERSION = YES_AGGRESSIVE;
				CLANG_CXX_LANGUAGE_STANDARD = "gnu++20";
				CLANG_ENABLE_MODULES = YES;
				CLANG_ENABLE_OBJC_ARC = YES;
				CLANG_ENABLE_OBJC_WEAK = YES;
				CLANG_WARN_BLOCK_CAPTURE_AUTORELEASING = YES;
				CLANG_WARN_BOOL_CONVERSION = YES;
				CLANG_WARN_COMMA = YES;
				CLANG_WARN_CONSTANT_CONVERSION = YES;
				CLANG_WARN_DEPRECATED_OBJC_IMPLEMENTATIONS = YES;
				CLANG_WARN_DIRECT_OBJC_ISA_USAGE = YES_ERROR;
				CLANG_WARN_DOCUMENTATION_COMMENTS = YES;
				CLANG_WARN_EMPTY_BODY = YES;
				CLANG_WARN_ENUM_CONVERSION = YES;
				CLANG_WARN_INFINITE_RECURSION = YES;
				CLANG_WARN_INT_CONVERSION = YES;
				CLANG_WARN_NON_LITERAL_NULL_CONVERSION = YES;
				CLANG_WARN_OBJC_IMPLICIT_RETAIN_SELF = YES;
				CLANG_WARN_OBJC_LITERAL_CONVERSION = YES;
				CLANG_WARN_OBJC_ROOT_CLASS = YES_ERROR;
				CLANG_WARN_QUOTED_INCLUDE_IN_FRAMEWORK_HEADER = YES;
				CLANG_WARN_RANGE_LOOP_ANALYSIS = YES;
				CLANG_WARN_STRICT_PROTOTYPES = YES;
				CLANG_WARN_SUSPICIOUS_MOVE = YES;
				CLANG_WARN_UNGUARDED_AVAILABILITY = YES_AGGRESSIVE;
				CLANG_WARN_UNREACHABLE_CODE = YES;
				CLANG_WARN__DUPLICATE_METHOD_MATCH = YES;
				COPY_PHASE_STRIP = NO;
				DEBUG_INFORMATION_FORMAT = "dwarf-with-dsym";
				ENABLE_NS_ASSERTIONS = NO;
				ENABLE_STRICT_OBJC_MSGSEND = YES;
				ENABLE_USER_SCRIPT_SANDBOXING = YES;
				GCC_C_LANGUAGE_STANDARD = gnu17;
				GCC_NO_COMMON_BLOCKS = YES;
				GCC_WARN_64_TO_32_BIT_CONVERSION = YES;
				GCC_WARN_ABOUT_RETURN_TYPE = YES_ERROR;
				GCC_WARN_UNDECLARED_SELECTOR = YES;
				GCC_WARN_UNINITIALIZED_AUTOS = YES_AGGRESSIVE;
				GCC_WARN_UNUSED_FUNCTION = YES;
				GCC_WARN_UNUSED_VARIABLE = YES;
				IPHONEOS_DEPLOYMENT_TARGET = 17.2;
				LOCALIZATION_PREFERS_STRING_CATALOGS = YES;
				MTL_ENABLE_DEBUG_INFO = NO;
				MTL_FAST_MATH = YES;
				SDKROOT = iphoneos;
				SWIFT_COMPILATION_MODE = wholemodule;
				VALIDATE_PRODUCT = YES;
			};
			name = Release;
		};
		978366B92BFAC6D9006A93B0 /* Debug */ = {
			isa = XCBuildConfiguration;
			buildSettings = {
				ASSETCATALOG_COMPILER_APPICON_NAME = AppIcon;
				ASSETCATALOG_COMPILER_GLOBAL_ACCENT_COLOR_NAME = AccentColor;
				CODE_SIGN_STYLE = Automatic;
				CURRENT_PROJECT_VERSION = 1;
				DEVELOPMENT_ASSET_PATHS = "\"TextbookStore/Preview Content\"";
				DEVELOPMENT_TEAM = 369T6BR9D9;
				ENABLE_PREVIEWS = YES;
				GENERATE_INFOPLIST_FILE = YES;
				INFOPLIST_FILE = TextbookStore/Info.plist;
				INFOPLIST_KEY_UIApplicationSceneManifest_Generation = YES;
				INFOPLIST_KEY_UIApplicationSupportsIndirectInputEvents = YES;
				INFOPLIST_KEY_UILaunchScreen_Generation = YES;
				INFOPLIST_KEY_UISupportedInterfaceOrientations_iPad = "UIInterfaceOrientationPortrait UIInterfaceOrientationPortraitUpsideDown UIInterfaceOrientationLandscapeLeft UIInterfaceOrientationLandscapeRight";
				INFOPLIST_KEY_UISupportedInterfaceOrientations_iPhone = "UIInterfaceOrientationPortrait UIInterfaceOrientationLandscapeLeft UIInterfaceOrientationLandscapeRight";
				IPHONEOS_DEPLOYMENT_TARGET = 17.2;
				LD_RUNPATH_SEARCH_PATHS = (
					"$(inherited)",
					"@executable_path/Frameworks",
				);
				MARKETING_VERSION = 1.0;
				PRODUCT_BUNDLE_IDENTIFIER = "Avi-Bansal.TextbookStore";
				PRODUCT_NAME = "$(TARGET_NAME)";
				SWIFT_EMIT_LOC_STRINGS = YES;
				SWIFT_VERSION = 5.0;
				TARGETED_DEVICE_FAMILY = "1,2";
			};
			name = Debug;
		};
		978366BA2BFAC6D9006A93B0 /* Release */ = {
			isa = XCBuildConfiguration;
			buildSettings = {
				ASSETCATALOG_COMPILER_APPICON_NAME = AppIcon;
				ASSETCATALOG_COMPILER_GLOBAL_ACCENT_COLOR_NAME = AccentColor;
				CODE_SIGN_STYLE = Automatic;
				CURRENT_PROJECT_VERSION = 1;
				DEVELOPMENT_ASSET_PATHS = "\"TextbookStore/Preview Content\"";
				DEVELOPMENT_TEAM = 369T6BR9D9;
				ENABLE_PREVIEWS = YES;
				GENERATE_INFOPLIST_FILE = YES;
				INFOPLIST_FILE = TextbookStore/Info.plist;
				INFOPLIST_KEY_UIApplicationSceneManifest_Generation = YES;
				INFOPLIST_KEY_UIApplicationSupportsIndirectInputEvents = YES;
				INFOPLIST_KEY_UILaunchScreen_Generation = YES;
				INFOPLIST_KEY_UISupportedInterfaceOrientations_iPad = "UIInterfaceOrientationPortrait UIInterfaceOrientationPortraitUpsideDown UIInterfaceOrientationLandscapeLeft UIInterfaceOrientationLandscapeRight";
				INFOPLIST_KEY_UISupportedInterfaceOrientations_iPhone = "UIInterfaceOrientationPortrait UIInterfaceOrientationLandscapeLeft UIInterfaceOrientationLandscapeRight";
				IPHONEOS_DEPLOYMENT_TARGET = 17.2;
				LD_RUNPATH_SEARCH_PATHS = (
					"$(inherited)",
					"@executable_path/Frameworks",
				);
				MARKETING_VERSION = 1.0;
				PRODUCT_BUNDLE_IDENTIFIER = "Avi-Bansal.TextbookStore";
				PRODUCT_NAME = "$(TARGET_NAME)";
				SWIFT_EMIT_LOC_STRINGS = YES;
				SWIFT_VERSION = 5.0;
				TARGETED_DEVICE_FAMILY = "1,2";
			};
			name = Release;
		};
/* End XCBuildConfiguration section */

/* Begin XCConfigurationList section */
		978366A32BFAC6D7006A93B0 /* Build configuration list for PBXProject "TextbookStore" */ = {
			isa = XCConfigurationList;
			buildConfigurations = (
				978366B62BFAC6D9006A93B0 /* Debug */,
				978366B72BFAC6D9006A93B0 /* Release */,
			);
			defaultConfigurationIsVisible = 0;
			defaultConfigurationName = Release;
		};
		978366B82BFAC6D9006A93B0 /* Build configuration list for PBXNativeTarget "TextbookStore" */ = {
			isa = XCConfigurationList;
			buildConfigurations = (
				978366B92BFAC6D9006A93B0 /* Debug */,
				978366BA2BFAC6D9006A93B0 /* Release */,
			);
			defaultConfigurationIsVisible = 0;
			defaultConfigurationName = Release;
		};
/* End XCConfigurationList section */

/* Begin XCRemoteSwiftPackageReference section */
		9715D7EA2C1F534100599C3E /* XCRemoteSwiftPackageReference "SwiftyJSON" */ = {
			isa = XCRemoteSwiftPackageReference;
			repositoryURL = "https://github.com/SwiftyJSON/SwiftyJSON.git";
			requirement = {
				kind = upToNextMajorVersion;
				minimumVersion = 5.0.2;
			};
		};
		9715D7ED2C1F537400599C3E /* XCRemoteSwiftPackageReference "SDWebImageSwiftUI" */ = {
			isa = XCRemoteSwiftPackageReference;
			repositoryURL = "https://github.com/SDWebImage/SDWebImageSwiftUI.git";
			requirement = {
				kind = upToNextMajorVersion;
				minimumVersion = 3.0.4;
			};
		};
		97722D402C3474ED00A68F93 /* XCRemoteSwiftPackageReference "Setting" */ = {
			isa = XCRemoteSwiftPackageReference;
			repositoryURL = "https://github.com/aheze/Setting";
			requirement = {
				kind = upToNextMajorVersion;
				minimumVersion = 1.0.1;
			};
		};
/* End XCRemoteSwiftPackageReference section */

/* Begin XCSwiftPackageProductDependency section */
		9715D7EB2C1F534100599C3E /* SwiftyJSON */ = {
			isa = XCSwiftPackageProductDependency;
			package = 9715D7EA2C1F534100599C3E /* XCRemoteSwiftPackageReference "SwiftyJSON" */;
			productName = SwiftyJSON;
		};
		9715D7EE2C1F537400599C3E /* SDWebImageSwiftUI */ = {
			isa = XCSwiftPackageProductDependency;
			package = 9715D7ED2C1F537400599C3E /* XCRemoteSwiftPackageReference "SDWebImageSwiftUI" */;
			productName = SDWebImageSwiftUI;
		};
		97722D412C3474ED00A68F93 /* Setting */ = {
			isa = XCSwiftPackageProductDependency;
			package = 97722D402C3474ED00A68F93 /* XCRemoteSwiftPackageReference "Setting" */;
			productName = Setting;
		};
/* End XCSwiftPackageProductDependency section */
	};
	rootObject = 978366A02BFAC6D7006A93B0 /* Project object */;
}
